
Microsoft Visual Studio Solution File, Format Version 12.00
# Visual Studio 15
VisualStudioVersion = 15.0.27703.2042
MinimumVisualStudioVersion = 10.0.40219.1
Project("{8BC9CEB8-8B4A-11D0-8D11-00A0C91BC942}") = "Hunt the Wumpus", "Hunt the Wumpus\Hunt the Wumpus.vcxproj", "{19E5B5A6-2F61-4900-A92B-3839D16B2B67}"
EndProject
Global
	GlobalSection(SolutionConfigurationPlatforms) = preSolution
		Debug|x64 = Debug|x64
		Debug|x86 = Debug|x86
		Release|x64 = Release|x64
		Release|x86 = Release|x86
	EndGlobalSection
	GlobalSection(ProjectConfigurationPlatforms) = postSolution
		{19E5B5A6-2F61-4900-A92B-3839D16B2B67}.Debug|x64.ActiveCfg = Debug|x64
		{19E5B5A6-2F61-4900-A92B-3839D16B2B67}.Debug|x64.Build.0 = Debug|x64
		{19E5B5A6-2F61-4900-A92B-3839D16B2B67}.Debug|x86.ActiveCfg = Debug|Win32
		{19E5B5A6-2F61-4900-A92B-3839D16B2B67}.Debug|x86.Build.0 = Debug|Win32
		{19E5B5A6-2F61-4900-A92B-3839D16B2B67}.Release|x64.ActiveCfg = Release|x64
		{19E5B5A6-2F61-4900-A92B-3839D16B2B67}.Release|x64.Build.0 = Release|x64
		{19E5B5A6-2F61-4900-A92B-3839D16B2B67}.Release|x86.ActiveCfg = Release|Win32
		{19E5B5A6-2F61-4900-A92B-3839D16B2B67}.Release|x86.Build.0 = Release|Win32
	EndGlobalSection
	GlobalSection(SolutionProperties) = preSolution
		HideSolutionNode = FALSE
	EndGlobalSection
	GlobalSection(ExtensibilityGlobals) = postSolution
		SolutionGuid = {DBC61B9A-D6E4-42AB-BD4E-CA511F3CF251}
	EndGlobalSection
EndGlobal
